
Microsoft Visual Studio Solution File, Format Version 12.00
# Visual Studio Version 17
VisualStudioVersion = 17.14.37516.0
MinimumVisualStudioVersion = 10.0.40219.1
Project("{FAE04EC0-301F-11D3-BF4B-00C04F79EFBC}") = "Ch01", "Ch01\Ch01.csproj", "{BB71748F-8402-47BE-8A4C-A0B02D1F922D}"
EndProject
Project("{FAE04EC0-301F-11D3-BF4B-00C04F79EFBC}") = "Ch02", "Ch02\Ch02.csproj", "{4FF7D10A-2C9D-45D5-AAE5-834B2E4CEE75}"
EndProject
Project("{FAE04EC0-301F-11D3-BF4B-00C04F79EFBC}") = "Ch02_2", "Ch02_2\Ch02_2.csproj", "{173A939D-37F4-471A-B48A-D6E59993DC95}"
EndProject
Project("{FAE04EC0-301F-11D3-BF4B-00C04F79EFBC}") = "Ch03", "Ch03\Ch03.csproj", "{89F31C16-D1E8-493C-AB41-7C9EC90E6E1D}"
EndProject
Global
	GlobalSection(SolutionConfigurationPlatforms) = preSolution
		Debug|Any CPU = Debug|Any CPU
		Release|Any CPU = Release|Any CPU
	EndGlobalSection
	GlobalSection(ProjectConfigurationPlatforms) = postSolution
		{BB71748F-8402-47BE-8A4C-A0B02D1F922D}.Debug|Any CPU.ActiveCfg = Debug|Any CPU
		{BB71748F-8402-47BE-8A4C-A0B02D1F922D}.Debug|Any CPU.Build.0 = Debug|Any CPU
		{BB71748F-8402-47BE-8A4C-A0B02D1F922D}.Release|Any CPU.ActiveCfg = Release|Any CPU
		{BB71748F-8402-47BE-8A4C-A0B02D1F922D}.Release|Any CPU.Build.0 = Release|Any CPU
		{4FF7D10A-2C9D-45D5-AAE5-834B2E4CEE75}.Debug|Any CPU.ActiveCfg = Debug|Any CPU
		{4FF7D10A-2C9D-45D5-AAE5-834B2E4CEE75}.Debug|Any CPU.Build.0 = Debug|Any CPU
		{4FF7D10A-2C9D-45D5-AAE5-834B2E4CEE75}.Release|Any CPU.ActiveCfg = Release|Any CPU
		{4FF7D10A-2C9D-45D5-AAE5-834B2E4CEE75}.Release|Any CPU.Build.0 = Release|Any CPU
		{173A939D-37F4-471A-B48A-D6E59993DC95}.Debug|Any CPU.ActiveCfg = Debug|Any CPU
		{173A939D-37F4-471A-B48A-D6E59993DC95}.Debug|Any CPU.Build.0 = Debug|Any CPU
		{173A939D-37F4-471A-B48A-D6E59993DC95}.Release|Any CPU.ActiveCfg = Release|Any CPU
		{173A939D-37F4-471A-B48A-D6E59993DC95}.Release|Any CPU.Build.0 = Release|Any CPU
		{89F31C16-D1E8-493C-AB41-7C9EC90E6E1D}.Debug|Any CPU.ActiveCfg = Debug|Any CPU
		{89F31C16-D1E8-493C-AB41-7C9EC90E6E1D}.Debug|Any CPU.Build.0 = Debug|Any CPU
		{89F31C16-D1E8-493C-AB41-7C9EC90E6E1D}.Release|Any CPU.ActiveCfg = Release|Any CPU
		{89F31C16-D1E8-493C-AB41-7C9EC90E6E1D}.Release|Any CPU.Build.0 = Release|Any CPU
	EndGlobalSection
	GlobalSection(SolutionProperties) = preSolution
		HideSolutionNode = FALSE
	EndGlobalSection
	GlobalSection(ExtensibilityGlobals) = postSolution
		SolutionGuid = {47B0AFB4-6FCA-4FF1-9FAA-C4D1C9082EE4}
	EndGlobalSection
EndGlobal
